version = 1
requires-python = ">=3.12"

[[package]]
name = "dbus-next"
version = "0.2.3"
source = { registry = "https://pypi.org/simple" }
sdist = { url = "https://files.pythonhosted.org/packages/ce/45/6a40fbe886d60a8c26f480e7d12535502b5ba123814b3b9a0b002ebca198/dbus_next-0.2.3.tar.gz", hash = "sha256:f4eae26909332ada528c0a3549dda8d4f088f9b365153952a408e28023a626a5", size = 71112 }
wheels = [
    { url = "https://files.pythonhosted.org/packages/d2/fc/c0a3f4c4eaa5a22fbef91713474666e13d0ea2a69c84532579490a9f2cc8/dbus_next-0.2.3-py3-none-any.whl", hash = "sha256:58948f9aff9db08316734c0be2a120f6dc502124d9642f55e90ac82ffb16a18b", size = 57885 },
]

[[package]]
name = "waycosh"
version = "0.0.1"
source = { editable = "." }
dependencies = [
    { name = "dbus-next" },
]

[package.metadata]
requires-dist = [{ name = "dbus-next", specifier = ">=0.2.3" }]
